
Microsoft Visual Studio Solution File, Format Version 12.00
# Visual Studio Version 17
VisualStudioVersion = 17.5.2.0
MinimumVisualStudioVersion = 10.0.40219.1
Project("{FAE04EC0-301F-11D3-BF4B-00C04F79EFBC}") = "Motely", "Motely\Motely.csproj", "{5BFF23C2-D21F-2088-1EE1-7458D32A1FE8}"
EndProject
Project("{FAE04EC0-301F-11D3-BF4B-00C04F79EFBC}") = "Motely.Tests", "Motely.Tests\Motely.Tests.csproj", "{E482B528-E45C-4833-BC33-EE5E085EEE43}"
EndProject
Project("{FAE04EC0-301F-11D3-BF4B-00C04F79EFBC}") = "Motely.DistributedWorker", "Motely.DistributedWorker\Motely.DistributedWorker.csproj", "{4C42F6F9-632A-4BE6-AFC6-19019F636D91}"
EndProject
Project("{FAE04EC0-301F-11D3-BF4B-00C04F79EFBC}") = "Motely.CLI", "Motely.CLI\Motely.CLI.csproj", "{67F9CCEF-6756-4971-8FD6-655A73F5F6C3}"
Project("{FAE04EC0-301F-11D3-BF4B-00C04F79EFBC}") = "Motely.HelperAPI", "Motely.HelperAPI\Motely.HelperAPI.csproj", "{1AB096AE-2218-4614-9F02-E351BC63C782}"
EndProject
Project("{FAE04EC0-301F-11D3-BF4B-00C04F79EFBC}") = "Motely.Datalake", "Motely.Datalake\Motely.Datalake.csproj", "{2F0A8127-58B2-4405-9AF8-1DFB74D7292F}"
EndProject
Global
	GlobalSection(SolutionConfigurationPlatforms) = preSolution
		Debug|Any CPU = Debug|Any CPU
		Debug|x64 = Debug|x64
		Debug|x86 = Debug|x86
		Release|Any CPU = Release|Any CPU
		Release|x64 = Release|x64
		Release|x86 = Release|x86
	EndGlobalSection
	GlobalSection(ProjectConfigurationPlatforms) = postSolution
		{5BFF23C2-D21F-2088-1EE1-7458D32A1FE8}.Debug|Any CPU.ActiveCfg = Debug|Any CPU
		{5BFF23C2-D21F-2088-1EE1-7458D32A1FE8}.Debug|Any CPU.Build.0 = Debug|Any CPU
		{5BFF23C2-D21F-2088-1EE1-7458D32A1FE8}.Debug|x64.ActiveCfg = Debug|Any CPU
		{5BFF23C2-D21F-2088-1EE1-7458D32A1FE8}.Debug|x64.Build.0 = Debug|Any CPU
		{5BFF23C2-D21F-2088-1EE1-7458D32A1FE8}.Debug|x86.ActiveCfg = Debug|Any CPU
		{5BFF23C2-D21F-2088-1EE1-7458D32A1FE8}.Debug|x86.Build.0 = Debug|Any CPU
		{5BFF23C2-D21F-2088-1EE1-7458D32A1FE8}.Release|Any CPU.ActiveCfg = Release|Any CPU
		{5BFF23C2-D21F-2088-1EE1-7458D32A1FE8}.Release|Any CPU.Build.0 = Release|Any CPU
		{5BFF23C2-D21F-2088-1EE1-7458D32A1FE8}.Release|x64.ActiveCfg = Release|Any CPU
		{5BFF23C2-D21F-2088-1EE1-7458D32A1FE8}.Release|x64.Build.0 = Release|Any CPU
		{5BFF23C2-D21F-2088-1EE1-7458D32A1FE8}.Release|x86.ActiveCfg = Release|Any CPU
		{5BFF23C2-D21F-2088-1EE1-7458D32A1FE8}.Release|x86.Build.0 = Release|Any CPU
		{E482B528-E45C-4833-BC33-EE5E085EEE43}.Debug|Any CPU.ActiveCfg = Debug|Any CPU
		{E482B528-E45C-4833-BC33-EE5E085EEE43}.Debug|Any CPU.Build.0 = Debug|Any CPU
		{E482B528-E45C-4833-BC33-EE5E085EEE43}.Debug|x64.ActiveCfg = Debug|Any CPU
		{E482B528-E45C-4833-BC33-EE5E085EEE43}.Debug|x64.Build.0 = Debug|Any CPU
		{E482B528-E45C-4833-BC33-EE5E085EEE43}.Debug|x86.ActiveCfg = Debug|Any CPU
		{E482B528-E45C-4833-BC33-EE5E085EEE43}.Debug|x86.Build.0 = Debug|Any CPU
		{E482B528-E45C-4833-BC33-EE5E085EEE43}.Release|Any CPU.ActiveCfg = Release|Any CPU
		{E482B528-E45C-4833-BC33-EE5E085EEE43}.Release|Any CPU.Build.0 = Release|Any CPU
		{E482B528-E45C-4833-BC33-EE5E085EEE43}.Release|x64.ActiveCfg = Release|Any CPU
		{E482B528-E45C-4833-BC33-EE5E085EEE43}.Release|x64.Build.0 = Release|Any CPU
		{E482B528-E45C-4833-BC33-EE5E085EEE43}.Release|x86.ActiveCfg = Release|Any CPU
		{E482B528-E45C-4833-BC33-EE5E085EEE43}.Release|x86.Build.0 = Release|Any CPU
		{4C42F6F9-632A-4BE6-AFC6-19019F636D91}.Debug|Any CPU.ActiveCfg = Debug|Any CPU
		{4C42F6F9-632A-4BE6-AFC6-19019F636D91}.Debug|Any CPU.Build.0 = Debug|Any CPU
		{4C42F6F9-632A-4BE6-AFC6-19019F636D91}.Debug|x64.ActiveCfg = Debug|Any CPU
		{4C42F6F9-632A-4BE6-AFC6-19019F636D91}.Debug|x64.Build.0 = Debug|Any CPU
		{4C42F6F9-632A-4BE6-AFC6-19019F636D91}.Debug|x86.ActiveCfg = Debug|Any CPU
		{4C42F6F9-632A-4BE6-AFC6-19019F636D91}.Debug|x86.Build.0 = Debug|Any CPU
		{4C42F6F9-632A-4BE6-AFC6-19019F636D91}.Release|Any CPU.ActiveCfg = Release|Any CPU
		{4C42F6F9-632A-4BE6-AFC6-19019F636D91}.Release|Any CPU.Build.0 = Release|Any CPU
		{4C42F6F9-632A-4BE6-AFC6-19019F636D91}.Release|x64.ActiveCfg = Release|Any CPU
		{4C42F6F9-632A-4BE6-AFC6-19019F636D91}.Release|x64.Build.0 = Release|Any CPU
		{4C42F6F9-632A-4BE6-AFC6-19019F636D91}.Release|x86.ActiveCfg = Release|Any CPU
		{4C42F6F9-632A-4BE6-AFC6-19019F636D91}.Release|x86.Build.0 = Release|Any CPU
		{67F9CCEF-6756-4971-8FD6-655A73F5F6C3}.Debug|Any CPU.ActiveCfg = Debug|Any CPU
		{67F9CCEF-6756-4971-8FD6-655A73F5F6C3}.Debug|Any CPU.Build.0 = Debug|Any CPU
		{67F9CCEF-6756-4971-8FD6-655A73F5F6C3}.Debug|x64.ActiveCfg = Debug|Any CPU
		{67F9CCEF-6756-4971-8FD6-655A73F5F6C3}.Debug|x64.Build.0 = Debug|Any CPU
		{67F9CCEF-6756-4971-8FD6-655A73F5F6C3}.Debug|x86.ActiveCfg = Debug|Any CPU
		{67F9CCEF-6756-4971-8FD6-655A73F5F6C3}.Debug|x86.Build.0 = Debug|Any CPU
		{67F9CCEF-6756-4971-8FD6-655A73F5F6C3}.Release|Any CPU.ActiveCfg = Release|Any CPU
		{67F9CCEF-6756-4971-8FD6-655A73F5F6C3}.Release|Any CPU.Build.0 = Release|Any CPU
		{67F9CCEF-6756-4971-8FD6-655A73F5F6C3}.Release|x64.ActiveCfg = Release|Any CPU
		{67F9CCEF-6756-4971-8FD6-655A73F5F6C3}.Release|x64.Build.0 = Release|Any CPU
		{67F9CCEF-6756-4971-8FD6-655A73F5F6C3}.Release|x86.ActiveCfg = Release|Any CPU
		{67F9CCEF-6756-4971-8FD6-655A73F5F6C3}.Release|x86.Build.0 = Release|Any CPU
		{A1B2C3D4-E5F6-7890-ABCD-EF1234567890}.Debug|Any CPU.ActiveCfg = Debug|Any CPU
		{A1B2C3D4-E5F6-7890-ABCD-EF1234567890}.Debug|Any CPU.Build.0 = Debug|Any CPU
		{A1B2C3D4-E5F6-7890-ABCD-EF1234567890}.Debug|x64.ActiveCfg = Debug|Any CPU
		{A1B2C3D4-E5F6-7890-ABCD-EF1234567890}.Debug|x64.Build.0 = Debug|Any CPU
		{A1B2C3D4-E5F6-7890-ABCD-EF1234567890}.Debug|x86.ActiveCfg = Debug|Any CPU
		{A1B2C3D4-E5F6-7890-ABCD-EF1234567890}.Debug|x86.Build.0 = Debug|Any CPU
		{A1B2C3D4-E5F6-7890-ABCD-EF1234567890}.Release|Any CPU.ActiveCfg = Release|Any CPU
		{A1B2C3D4-E5F6-7890-ABCD-EF1234567890}.Release|Any CPU.Build.0 = Release|Any CPU
		{A1B2C3D4-E5F6-7890-ABCD-EF1234567890}.Release|x64.ActiveCfg = Release|Any CPU
		{A1B2C3D4-E5F6-7890-ABCD-EF1234567890}.Release|x64.Build.0 = Release|Any CPU
		{A1B2C3D4-E5F6-7890-ABCD-EF1234567890}.Release|x86.ActiveCfg = Release|Any CPU
		{A1B2C3D4-E5F6-7890-ABCD-EF1234567890}.Release|x86.Build.0 = Release|Any CPU
		{1AB096AE-2218-4614-9F02-E351BC63C782}.Debug|Any CPU.ActiveCfg = Debug|Any CPU
		{1AB096AE-2218-4614-9F02-E351BC63C782}.Debug|Any CPU.Build.0 = Debug|Any CPU
		{1AB096AE-2218-4614-9F02-E351BC63C782}.Debug|x64.ActiveCfg = Debug|Any CPU
		{1AB096AE-2218-4614-9F02-E351BC63C782}.Debug|x64.Build.0 = Debug|Any CPU
		{1AB096AE-2218-4614-9F02-E351BC63C782}.Debug|x86.ActiveCfg = Debug|Any CPU
		{1AB096AE-2218-4614-9F02-E351BC63C782}.Debug|x86.Build.0 = Debug|Any CPU
		{1AB096AE-2218-4614-9F02-E351BC63C782}.Release|Any CPU.ActiveCfg = Release|Any CPU
		{1AB096AE-2218-4614-9F02-E351BC63C782}.Release|Any CPU.Build.0 = Release|Any CPU
		{1AB096AE-2218-4614-9F02-E351BC63C782}.Release|x64.ActiveCfg = Release|Any CPU
		{1AB096AE-2218-4614-9F02-E351BC63C782}.Release|x64.Build.0 = Release|Any CPU
		{1AB096AE-2218-4614-9F02-E351BC63C782}.Release|x86.ActiveCfg = Release|Any CPU
		{1AB096AE-2218-4614-9F02-E351BC63C782}.Release|x86.Build.0 = Release|Any CPU
		{2F0A8127-58B2-4405-9AF8-1DFB74D7292F}.Debug|Any CPU.ActiveCfg = Debug|Any CPU
		{2F0A8127-58B2-4405-9AF8-1DFB74D7292F}.Debug|Any CPU.Build.0 = Debug|Any CPU
		{2F0A8127-58B2-4405-9AF8-1DFB74D7292F}.Debug|x64.ActiveCfg = Debug|Any CPU
		{2F0A8127-58B2-4405-9AF8-1DFB74D7292F}.Debug|x64.Build.0 = Debug|Any CPU
		{2F0A8127-58B2-4405-9AF8-1DFB74D7292F}.Debug|x86.ActiveCfg = Debug|Any CPU
		{2F0A8127-58B2-4405-9AF8-1DFB74D7292F}.Debug|x86.Build.0 = Debug|Any CPU
		{2F0A8127-58B2-4405-9AF8-1DFB74D7292F}.Release|Any CPU.ActiveCfg = Release|Any CPU
		{2F0A8127-58B2-4405-9AF8-1DFB74D7292F}.Release|Any CPU.Build.0 = Release|Any CPU
		{2F0A8127-58B2-4405-9AF8-1DFB74D7292F}.Release|x64.ActiveCfg = Release|Any CPU
		{2F0A8127-58B2-4405-9AF8-1DFB74D7292F}.Release|x64.Build.0 = Release|Any CPU
		{2F0A8127-58B2-4405-9AF8-1DFB74D7292F}.Release|x86.ActiveCfg = Release|Any CPU
		{2F0A8127-58B2-4405-9AF8-1DFB74D7292F}.Release|x86.Build.0 = Release|Any CPU
	EndGlobalSection
	GlobalSection(SolutionProperties) = preSolution
		HideSolutionNode = FALSE
	EndGlobalSection
	GlobalSection(ExtensibilityGlobals) = postSolution
		SolutionGuid = {FDA19896-48DD-40FE-9D18-EFFEC2462C5B}
	EndGlobalSection
EndGlobal
