
Microsoft Visual Studio Solution File, Format Version 12.00
# Visual Studio Version 17
VisualStudioVersion = 17.0.31903.59
MinimumVisualStudioVersion = 10.0.40219.1
Project("{9A19103F-16F7-4668-BE54-9A1E7A4F7556}") = "Motely", "Motely\Motely.csproj", "{14040408-A9C3-4266-B6E8-78793794FA4A}"
EndProject
Project("{9A19103F-16F7-4668-BE54-9A1E7A4F7556}") = "Motely.Tests", "Motely.Tests\Motely.Tests.csproj", "{59C34E24-F58D-46B8-BE4C-E7C2CA264125}"
EndProject
Project("{9A19103F-16F7-4668-BE54-9A1E7A4F7556}") = "Motely.API", "Motely.API\Motely.API.csproj", "{9E2C8258-43A5-45D6-9F93-6B56A7BEA2B7}"
EndProject
Project("{9A19103F-16F7-4668-BE54-9A1E7A4F7556}") = "Motely.TUI", "Motely.TUI\Motely.TUI.csproj", "{6EDB6A3D-8FA9-4E1C-9B4B-EC3C3C9E3A74}"
EndProject
Project("{9A19103F-16F7-4668-BE54-9A1E7A4F7556}") = "Motely.CLI", "Motely.CLI\Motely.CLI.csproj", "{FDC0B36E-9C55-42D4-9C39-09AE984A6710}"
EndProject
Project("{9A19103F-16F7-4668-BE54-9A1E7A4F7556}") = "Motely.MCP", "Motely.MCP\Motely.MCP.csproj", "{A1B2C3D4-E5F6-7890-ABCD-EF1234567890}"
EndProject
Global
	GlobalSection(SolutionConfigurationPlatforms) = preSolution
		Debug|Any CPU = Debug|Any CPU
		Release|Any CPU = Release|Any CPU
		BSO_LIBRARY|Any CPU = BSO_LIBRARY|Any CPU
		CLI|Any CPU = CLI|Any CPU
	EndGlobalSection
	GlobalSection(SolutionProperties) = preSolution
		HideSolutionNode = FALSE
	EndGlobalSection
	GlobalSection(ProjectConfigurationPlatforms) = postSolution
		{14040408-A9C3-4266-B6E8-78793794FA4A}.Debug|Any CPU.ActiveCfg = Debug|Any CPU
		{14040408-A9C3-4266-B6E8-78793794FA4A}.Debug|Any CPU.Build.0 = Debug|Any CPU
		{14040408-A9C3-4266-B6E8-78793794FA4A}.Release|Any CPU.ActiveCfg = Release|Any CPU
		{14040408-A9C3-4266-B6E8-78793794FA4A}.Release|Any CPU.Build.0 = Release|Any CPU
		{14040408-A9C3-4266-B6E8-78793794FA4A}.BSO_LIBRARY|Any CPU.ActiveCfg = BSO_LIBRARY|Any CPU
		{14040408-A9C3-4266-B6E8-78793794FA4A}.BSO_LIBRARY|Any CPU.Build.0 = BSO_LIBRARY|Any CPU
		{14040408-A9C3-4266-B6E8-78793794FA4A}.CLI|Any CPU.ActiveCfg = CLI|Any CPU
		{14040408-A9C3-4266-B6E8-78793794FA4A}.CLI|Any CPU.Build.0 = CLI|Any CPU
		{59C34E24-F58D-46B8-BE4C-E7C2CA264125}.Debug|Any CPU.ActiveCfg = Debug|Any CPU
		{59C34E24-F58D-46B8-BE4C-E7C2CA264125}.Debug|Any CPU.Build.0 = Debug|Any CPU
		{59C34E24-F58D-46B8-BE4C-E7C2CA264125}.Release|Any CPU.ActiveCfg = Release|Any CPU
		{59C34E24-F58D-46B8-BE4C-E7C2CA264125}.Release|Any CPU.Build.0 = Release|Any CPU
		{59C34E24-F58D-46B8-BE4C-E7C2CA264125}.BSO_LIBRARY|Any CPU.ActiveCfg = BSO_LIBRARY|Any CPU
		{59C34E24-F58D-46B8-BE4C-E7C2CA264125}.BSO_LIBRARY|Any CPU.Build.0 = BSO_LIBRARY|Any CPU
		{59C34E24-F58D-46B8-BE4C-E7C2CA264125}.CLI|Any CPU.ActiveCfg = CLI|Any CPU
		{59C34E24-F58D-46B8-BE4C-E7C2CA264125}.CLI|Any CPU.Build.0 = CLI|Any CPU
		{9E2C8258-43A5-45D6-9F93-6B56A7BEA2B7}.Debug|Any CPU.ActiveCfg = Debug|Any CPU
		{9E2C8258-43A5-45D6-9F93-6B56A7BEA2B7}.Debug|Any CPU.Build.0 = Debug|Any CPU
		{9E2C8258-43A5-45D6-9F93-6B56A7BEA2B7}.Release|Any CPU.ActiveCfg = Release|Any CPU
		{9E2C8258-43A5-45D6-9F93-6B56A7BEA2B7}.Release|Any CPU.Build.0 = Release|Any CPU
		{9E2C8258-43A5-45D6-9F93-6B56A7BEA2B7}.BSO_LIBRARY|Any CPU.ActiveCfg = BSO_LIBRARY|Any CPU
		{9E2C8258-43A5-45D6-9F93-6B56A7BEA2B7}.BSO_LIBRARY|Any CPU.Build.0 = BSO_LIBRARY|Any CPU
		{9E2C8258-43A5-45D6-9F93-6B56A7BEA2B7}.CLI|Any CPU.ActiveCfg = CLI|Any CPU
		{9E2C8258-43A5-45D6-9F93-6B56A7BEA2B7}.CLI|Any CPU.Build.0 = CLI|Any CPU
		{6EDB6A3D-8FA9-4E1C-9B4B-EC3C3C9E3A74}.Debug|Any CPU.ActiveCfg = Debug|Any CPU
		{6EDB6A3D-8FA9-4E1C-9B4B-EC3C3C9E3A74}.Debug|Any CPU.Build.0 = Debug|Any CPU
		{6EDB6A3D-8FA9-4E1C-9B4B-EC3C3C9E3A74}.Release|Any CPU.ActiveCfg = Release|Any CPU
		{6EDB6A3D-8FA9-4E1C-9B4B-EC3C3C9E3A74}.Release|Any CPU.Build.0 = Release|Any CPU
		{6EDB6A3D-8FA9-4E1C-9B4B-EC3C3C9E3A74}.BSO_LIBRARY|Any CPU.ActiveCfg = BSO_LIBRARY|Any CPU
		{6EDB6A3D-8FA9-4E1C-9B4B-EC3C3C9E3A74}.BSO_LIBRARY|Any CPU.Build.0 = BSO_LIBRARY|Any CPU
		{6EDB6A3D-8FA9-4E1C-9B4B-EC3C3C9E3A74}.CLI|Any CPU.ActiveCfg = CLI|Any CPU
		{6EDB6A3D-8FA9-4E1C-9B4B-EC3C3C9E3A74}.CLI|Any CPU.Build.0 = CLI|Any CPU
		{FDC0B36E-9C55-42D4-9C39-09AE984A6710}.Debug|Any CPU.ActiveCfg = Debug|Any CPU
		{FDC0B36E-9C55-42D4-9C39-09AE984A6710}.Debug|Any CPU.Build.0 = Debug|Any CPU
		{FDC0B36E-9C55-42D4-9C39-09AE984A6710}.Release|Any CPU.ActiveCfg = Release|Any CPU
		{FDC0B36E-9C55-42D4-9C39-09AE984A6710}.Release|Any CPU.Build.0 = Release|Any CPU
		{FDC0B36E-9C55-42D4-9C39-09AE984A6710}.BSO_LIBRARY|Any CPU.ActiveCfg = BSO_LIBRARY|Any CPU
		{FDC0B36E-9C55-42D4-9C39-09AE984A6710}.BSO_LIBRARY|Any CPU.Build.0 = BSO_LIBRARY|Any CPU
		{FDC0B36E-9C55-42D4-9C39-09AE984A6710}.CLI|Any CPU.ActiveCfg = CLI|Any CPU
		{FDC0B36E-9C55-42D4-9C39-09AE984A6710}.CLI|Any CPU.Build.0 = CLI|Any CPU
		{A1B2C3D4-E5F6-7890-ABCD-EF1234567890}.Debug|Any CPU.ActiveCfg = Debug|Any CPU
		{A1B2C3D4-E5F6-7890-ABCD-EF1234567890}.Debug|Any CPU.Build.0 = Debug|Any CPU
		{A1B2C3D4-E5F6-7890-ABCD-EF1234567890}.Release|Any CPU.ActiveCfg = Release|Any CPU
		{A1B2C3D4-E5F6-7890-ABCD-EF1234567890}.Release|Any CPU.Build.0 = Release|Any CPU
		{A1B2C3D4-E5F6-7890-ABCD-EF1234567890}.BSO_LIBRARY|Any CPU.ActiveCfg = Release|Any CPU
		{A1B2C3D4-E5F6-7890-ABCD-EF1234567890}.BSO_LIBRARY|Any CPU.Build.0 = Release|Any CPU
		{A1B2C3D4-E5F6-7890-ABCD-EF1234567890}.CLI|Any CPU.ActiveCfg = Release|Any CPU
		{A1B2C3D4-E5F6-7890-ABCD-EF1234567890}.CLI|Any CPU.Build.0 = Release|Any CPU
	EndGlobalSection
EndGlobal
