
Microsoft Visual Studio Solution File, Format Version 12.00
# Visual Studio Version 17
VisualStudioVersion = 17.5.2.0
MinimumVisualStudioVersion = 10.0.40219.1
Project("{FAE04EC0-301F-11D3-BF4B-00C04F79EFBC}") = "Motely", "Motely\Motely.csproj", "{5BFF23C2-D21F-2088-1EE1-7458D32A1FE8}"
EndProject
Project("{FAE04EC0-301F-11D3-BF4B-00C04F79EFBC}") = "Motely.DB", "Motely.DB\Motely.DB.csproj", "{39E4FA7C-E68B-49D4-8E4E-38875243667C}"
EndProject
Project("{FAE04EC0-301F-11D3-BF4B-00C04F79EFBC}") = "Motely.Tests", "Motely.Tests\Motely.Tests.csproj", "{E482B528-E45C-4833-BC33-EE5E085EEE43}"
EndProject
Project("{FAE04EC0-301F-11D3-BF4B-00C04F79EFBC}") = "Motely.DistributedWorker", "Motely.DistributedWorker\Motely.DistributedWorker.csproj", "{4C42F6F9-632A-4BE6-AFC6-19019F636D91}"
EndProject
Project("{FAE04EC0-301F-11D3-BF4B-00C04F79EFBC}") = "Motely.Orchestration", "Motely.Orchestration\Motely.Orchestration.csproj", "{B2C3D4E5-F6A7-8901-BCDE-F12345678901}"
EndProject
Global
	GlobalSection(SolutionConfigurationPlatforms) = preSolution
		Debug|Any CPU = Debug|Any CPU
		Debug|x64 = Debug|x64
		Debug|x86 = Debug|x86
		Release|Any CPU = Release|Any CPU
		Release|x64 = Release|x64
		Release|x86 = Release|x86
	EndGlobalSection
	GlobalSection(ProjectConfigurationPlatforms) = postSolution
		{5BFF23C2-D21F-2088-1EE1-7458D32A1FE8}.Debug | Any CPU.ActiveCfg = Debug | Any CPU
		{5BFF23C2-D21F-2088-1EE1-7458D32A1FE8}.Debug | Any CPU.Build.0 = Debug | Any CPU
		{5BFF23C2-D21F-2088-1EE1-7458D32A1FE8}.Debug | x64.ActiveCfg = Debug | Any CPU
		{5BFF23C2-D21F-2088-1EE1-7458D32A1FE8}.Debug | x64.Build.0 = Debug | Any CPU
		{5BFF23C2-D21F-2088-1EE1-7458D32A1FE8}.Debug | x86.ActiveCfg = Debug | Any CPU
		{5BFF23C2-D21F-2088-1EE1-7458D32A1FE8}.Debug | x86.Build.0 = Debug | Any CPU
		{5BFF23C2-D21F-2088-1EE1-7458D32A1FE8}.Release | Any CPU.ActiveCfg = Release | Any CPU
		{5BFF23C2-D21F-2088-1EE1-7458D32A1FE8}.Release | Any CPU.Build.0 = Release | Any CPU
		{5BFF23C2-D21F-2088-1EE1-7458D32A1FE8}.Release | x64.ActiveCfg = Release | Any CPU
		{5BFF23C2-D21F-2088-1EE1-7458D32A1FE8}.Release | x64.Build.0 = Release | Any CPU
		{5BFF23C2-D21F-2088-1EE1-7458D32A1FE8}.Release | x86.ActiveCfg = Release | Any CPU
		{5BFF23C2-D21F-2088-1EE1-7458D32A1FE8}.Release | x86.Build.0 = Release | Any CPU
{39E4FA7C-E68B-49D4-8E4E-38875243667C}.Debug | Any CPU.ActiveCfg = Debug | Any CPU
		{39E4FA7C-E68B-49D4-8E4E-38875243667C}.Debug | Any CPU.Build.0 = Debug | Any CPU
		{39E4FA7C-E68B-49D4-8E4E-38875243667C}.Debug | x64.ActiveCfg = Debug | Any CPU
		{39E4FA7C-E68B-49D4-8E4E-38875243667C}.Debug | x64.Build.0 = Debug | Any CPU
		{39E4FA7C-E68B-49D4-8E4E-38875243667C}.Debug | x86.ActiveCfg = Debug | Any CPU
		{39E4FA7C-E68B-49D4-8E4E-38875243667C}.Debug | x86.Build.0 = Debug | Any CPU
		{39E4FA7C-E68B-49D4-8E4E-38875243667C}.Release | Any CPU.ActiveCfg = Release | Any CPU
		{39E4FA7C-E68B-49D4-8E4E-38875243667C}.Release | Any CPU.Build.0 = Release | Any CPU
		{39E4FA7C-E68B-49D4-8E4E-38875243667C}.Release | x64.ActiveCfg = Release | Any CPU
		{39E4FA7C-E68B-49D4-8E4E-38875243667C}.Release | x64.Build.0 = Release | Any CPU
		{39E4FA7C-E68B-49D4-8E4E-38875243667C}.Release | x86.ActiveCfg = Release | Any CPU
		{39E4FA7C-E68B-49D4-8E4E-38875243667C}.Release | x86.Build.0 = Release | Any CPU
		{E482B528-E45C-4833-BC33-EE5E085EEE43}.Debug | Any CPU.ActiveCfg = Debug | Any CPU
		{E482B528-E45C-4833-BC33-EE5E085EEE43}.Debug | Any CPU.Build.0 = Debug | Any CPU
		{E482B528-E45C-4833-BC33-EE5E085EEE43}.Debug | x64.ActiveCfg = Debug | Any CPU
		{E482B528-E45C-4833-BC33-EE5E085EEE43}.Debug | x64.Build.0 = Debug | Any CPU
		{E482B528-E45C-4833-BC33-EE5E085EEE43}.Debug | x86.ActiveCfg = Debug | Any CPU
		{E482B528-E45C-4833-BC33-EE5E085EEE43}.Debug | x86.Build.0 = Debug | Any CPU
		{E482B528-E45C-4833-BC33-EE5E085EEE43}.Release | Any CPU.ActiveCfg = Release | Any CPU
		{E482B528-E45C-4833-BC33-EE5E085EEE43}.Release | Any CPU.Build.0 = Release | Any CPU
		{E482B528-E45C-4833-BC33-EE5E085EEE43}.Release | x64.ActiveCfg = Release | Any CPU
		{E482B528-E45C-4833-BC33-EE5E085EEE43}.Release | x64.Build.0 = Release | Any CPU
		{E482B528-E45C-4833-BC33-EE5E085EEE43}.Release | x86.ActiveCfg = Release | Any CPU
		{E482B528-E45C-4833-BC33-EE5E085EEE43}.Release | x86.Build.0 = Release | Any CPU
		{4C42F6F9-632A-4BE6-AFC6-19019F636D91}.Debug | Any CPU.ActiveCfg = Debug | Any CPU
		{4C42F6F9-632A-4BE6-AFC6-19019F636D91}.Debug | Any CPU.Build.0 = Debug | Any CPU
		{4C42F6F9-632A-4BE6-AFC6-19019F636D91}.Debug | x64.ActiveCfg = Debug | Any CPU
		{4C42F6F9-632A-4BE6-AFC6-19019F636D91}.Debug | x64.Build.0 = Debug | Any CPU
		{4C42F6F9-632A-4BE6-AFC6-19019F636D91}.Debug | x86.ActiveCfg = Debug | Any CPU
		{4C42F6F9-632A-4BE6-AFC6-19019F636D91}.Debug | x86.Build.0 = Debug | Any CPU
		{4C42F6F9-632A-4BE6-AFC6-19019F636D91}.Release | Any CPU.ActiveCfg = Release | Any CPU
		{4C42F6F9-632A-4BE6-AFC6-19019F636D91}.Release | Any CPU.Build.0 = Release | Any CPU
		{4C42F6F9-632A-4BE6-AFC6-19019F636D91}.Release | x64.ActiveCfg = Release | Any CPU
		{4C42F6F9-632A-4BE6-AFC6-19019F636D91}.Release | x64.Build.0 = Release | Any CPU
		{4C42F6F9-632A-4BE6-AFC6-19019F636D91}.Release | x86.ActiveCfg = Release | Any CPU
		{4C42F6F9-632A-4BE6-AFC6-19019F636D91}.Release | x86.Build.0 = Release | Any CPU
		{B2C3D4E5-F6A7-8901-BCDE-F12345678901}.Debug|Any CPU.ActiveCfg = Debug|Any CPU
		{B2C3D4E5-F6A7-8901-BCDE-F12345678901}.Debug|Any CPU.Build.0 = Debug|Any CPU
		{B2C3D4E5-F6A7-8901-BCDE-F12345678901}.Debug|x64.ActiveCfg = Debug|Any CPU
		{B2C3D4E5-F6A7-8901-BCDE-F12345678901}.Debug|x64.Build.0 = Debug|Any CPU
		{B2C3D4E5-F6A7-8901-BCDE-F12345678901}.Debug|x86.ActiveCfg = Debug|Any CPU
		{B2C3D4E5-F6A7-8901-BCDE-F12345678901}.Debug|x86.Build.0 = Debug|Any CPU
		{B2C3D4E5-F6A7-8901-BCDE-F12345678901}.Release|Any CPU.ActiveCfg = Release|Any CPU
		{B2C3D4E5-F6A7-8901-BCDE-F12345678901}.Release|Any CPU.Build.0 = Release|Any CPU
		{B2C3D4E5-F6A7-8901-BCDE-F12345678901}.Release|x64.ActiveCfg = Release|Any CPU
		{B2C3D4E5-F6A7-8901-BCDE-F12345678901}.Release|x64.Build.0 = Release|Any CPU
		{B2C3D4E5-F6A7-8901-BCDE-F12345678901}.Release|x86.ActiveCfg = Release|Any CPU
		{B2C3D4E5-F6A7-8901-BCDE-F12345678901}.Release|x86.Build.0 = Release|Any CPU
	EndGlobalSection
	GlobalSection(SolutionProperties) = preSolution
		HideSolutionNode = FALSE
	EndGlobalSection
	GlobalSection(ExtensibilityGlobals) = postSolution
		SolutionGuid = {FDA19896-48DD-40FE-9D18-EFFEC2462C5B}
	EndGlobalSection
EndGlobal
