<Solution>
  <Project Path="Motely\Motely.csproj" />
  <Project Path="Motely.API\Motely.API.csproj" />
  <Project Path="Motely.CLI\Motely.CLI.csproj" />
  <Project Path="Motely.DB\Motely.DB.csproj" />
  <Project Path="Motely.GPU\Motely.GPU.csproj" />
  <Project Path="Motely.MCP\Motely.MCP.csproj" />
  <Project Path="Motely.Orchestration\Motely.Orchestration.csproj" />
  <Project Path="Motely.Repository\Motely.Repository.csproj" />
  <Project Path="Motely.Tests\Motely.Tests.csproj" />
  <Project Path="Motely.TUI\Motely.TUI.csproj" />
  <Project Path="Motely.BrowserWasm\Motely.BrowserWasm.csproj" />
</Solution>
