{
  "name": "motely-api-wwwroot",
  "lockfileVersion": 3,
  "requires": true,
  "packages": {
    "": {
      "name": "motely-api-wwwroot",
      "dependencies": {
        "motely-wasm": "3.0.13"
      }
    },
    "node_modules/motely-wasm": {
      "version": "3.0.13",
      "resolved": "https://registry.npmjs.org/motely-wasm/-/motely-wasm-3.0.13.tgz",
      "integrity": "sha512-AviI8W13x9kkRovug+L/dUZbBI4vnC0Mxs4shOPoH1CfrGqkHBjdBdOkaMx4M4s+F5LeioFbB5ZZdl1ngTGhSw==",
      "license": "MIT"
    }
  }
}
