{
  "name": "motely-wasm-release-smoke",
  "version": "0.0.0",
  "lockfileVersion": 3,
  "requires": true,
  "packages": {
    "": {
      "name": "motely-wasm-release-smoke",
      "version": "0.0.0",
      "dependencies": {
        "motely-wasm": "^14.0.1"
      }
    },
    "node_modules/motely-wasm": {
      "version": "14.0.1",
      "resolved": "https://registry.npmjs.org/motely-wasm/-/motely-wasm-14.0.1.tgz",
      "integrity": "sha512-zlEi6EI9clbEVKb6C9oJwoSmK19TVutZimIEh82X2vMMmInPsrXzaJVz5ezh/1lXl9FX5B+MXaly+YaEsgps+g=="
    }
  }
}
