{
  "name": "motely-wasm-release-smoke",
  "version": "0.0.0",
  "lockfileVersion": 3,
  "requires": true,
  "packages": {
    "": {
      "name": "motely-wasm-release-smoke",
      "version": "0.0.0",
      "dependencies": {
        "motely-wasm": "^13.0.2"
      }
    },
    "node_modules/motely-wasm": {
      "version": "13.0.2",
      "resolved": "https://registry.npmjs.org/motely-wasm/-/motely-wasm-13.0.2.tgz",
      "integrity": "sha512-tRM6vG5ad3PlMyG9iKXjcaJgUdj/WoZyoR8fHijTsTc3bb0t0kGAO2xPlew0TENbLqLsoIHWJhwOmHIvG/lPqA=="
    }
  }
}
