{
  "name": "motely-wasm-release-smoke",
  "version": "0.0.0",
  "lockfileVersion": 3,
  "requires": true,
  "packages": {
    "": {
      "name": "motely-wasm-release-smoke",
      "version": "0.0.0",
      "dependencies": {
        "motely-wasm": "file:../bin/motely-wasm/motely-wasm-14.3.0.tgz"
      }
    },
    "node_modules/motely-wasm": {
      "version": "14.3.0",
      "resolved": "file:../bin/motely-wasm/motely-wasm-14.3.0.tgz",
      "integrity": "sha512-d2mH5TbDYpUp7v11LGpj7A8sZPWld1x1Nfnq9ZFdfAbm5XONwNw69qTnEN9AcUP0dQHTRQnmBs1CObs1cbh0Pw==",
      "license": "MIT"
    }
  }
}
