{
  "name": "motely-api-wwwroot",
  "lockfileVersion": 3,
  "requires": true,
  "packages": {
    "": {
      "name": "motely-api-wwwroot",
      "dependencies": {
        "motely-wasm": "^4.1.1"
      }
    },
    "../motely-wasm": {
      "version": "4.1.1",
      "license": "MIT",
      "engines": {
        "node": ">=22.0.0"
      }
    },
    "node_modules/motely-wasm": {
      "resolved": "../motely-wasm",
      "link": true
    }
  }
}
