{
  "name": "motely-api-wwwroot",
  "lockfileVersion": 3,
  "requires": true,
  "packages": {
    "": {
      "name": "motely-api-wwwroot",
      "dependencies": {
        "motely-wasm": "^4.1.1"
      }
    },
    "node_modules/motely-wasm": {
      "version": "4.3.18",
      "resolved": "https://registry.npmjs.org/motely-wasm/-/motely-wasm-4.3.18.tgz",
      "integrity": "sha512-qlWBPAcATNJaZQGr9hY4ZYFdzR9T8+8pVtr2P6lphDXDgUBRGAeyRN3iiE9bD3FnJmci9/AZ7rmyhii+gZ6eVw==",
      "license": "MIT"
    }
  }
}
