{
  "name": "motely-api-wwwroot",
  "lockfileVersion": 3,
  "requires": true,
  "packages": {
    "": {
      "name": "motely-api-wwwroot",
      "dependencies": {
        "motely-wasm": "file:../motely-wasm"
      }
    },
    "../motely-wasm": {
      "version": "3.20.0",
      "license": "MIT"
    },
    "node_modules/motely-wasm": {
      "resolved": "../motely-wasm",
      "link": true
    }
  }
}
