lockfileVersion: '9.0'

settings:
  autoInstallPeers: true
  excludeLinksFromLockfile: false

importers:

  .:
    dependencies:
      motely-node:
        specifier: 3.1.6
        version: 3.1.6

packages:

  motely-node@3.1.6:
    resolution: {integrity: sha512-RS5SSBc7gJP/ptIG2eWxJgPI6mjvUM+XJczIkNcERZ2LQ9qqgXX6mXsWZLQNRWkTcGDrWYTUs3YAgnIF7y9zeQ==}
    engines: {node: '>=22.0.0'}

snapshots:

  motely-node@3.1.6: {}
