{
  "name": "motely-consumer",
  "lockfileVersion": 3,
  "requires": true,
  "packages": {
    "": {
      "name": "motely-consumer",
      "dependencies": {
        "motely-wasm": "file:.."
      }
    },
    "..": {
      "name": "motely-wasm",
      "version": "25.0.2",
      "license": "MIT",
      "devDependencies": {
        "@playwright/test": "^1.50.0",
        "@rewaffle/bootsharp-file-system": "^2026.5.201827"
      },
      "peerDependencies": {
        "@rewaffle/bootsharp-file-system": "*"
      },
      "peerDependenciesMeta": {
        "@rewaffle/bootsharp-file-system": {
          "optional": true
        }
      }
    },
    "node_modules/motely-wasm": {
      "resolved": "..",
      "link": true
    }
  }
}
