{
  "name": "motely-consumer",
  "lockfileVersion": 3,
  "requires": true,
  "packages": {
    "": {
      "name": "motely-consumer",
      "dependencies": {
        "motely-wasm": "file:.."
      }
    },
    "..": {
      "name": "motely",
      "version": "25.1.0"
    },
    "node_modules/motely-wasm": {
      "resolved": "..",
      "link": true
    }
  }
}
